
Microsoft Visual Studio Solution File, Format Version 12.00
# Visual Studio Version 17
VisualStudioVersion = 17.13.35818.85 d17.13
MinimumVisualStudioVersion = 10.0.40219.1
Project("{FAE04EC0-301F-11D3-BF4B-00C04F79EFBC}") = "WebApplication1", "WebApplication1\WebApplication1.csproj", "{2793D2EC-3232-4AEF-8C1F-F4120DF3C5D4}"
EndProject
Project("{FAE04EC0-301F-11D3-BF4B-00C04F79EFBC}") = "RepoLayer", "RepoLayer\RepoLayer.csproj", "{D8AF11CB-8D73-44A4-A882-243B12349851}"
EndProject
Project("{FAE04EC0-301F-11D3-BF4B-00C04F79EFBC}") = "BusinessLayer", "BusinessLayer\BusinessLayer.csproj", "{F091D945-9BF4-40B3-ACAB-42270D428735}"
EndProject
Global
	GlobalSection(SolutionConfigurationPlatforms) = preSolution
		Debug|Any CPU = Debug|Any CPU
		Release|Any CPU = Release|Any CPU
	EndGlobalSection
	GlobalSection(ProjectConfigurationPlatforms) = postSolution
		{2793D2EC-3232-4AEF-8C1F-F4120DF3C5D4}.Debug|Any CPU.ActiveCfg = Debug|Any CPU
		{2793D2EC-3232-4AEF-8C1F-F4120DF3C5D4}.Debug|Any CPU.Build.0 = Debug|Any CPU
		{2793D2EC-3232-4AEF-8C1F-F4120DF3C5D4}.Release|Any CPU.ActiveCfg = Release|Any CPU
		{2793D2EC-3232-4AEF-8C1F-F4120DF3C5D4}.Release|Any CPU.Build.0 = Release|Any CPU
		{D8AF11CB-8D73-44A4-A882-243B12349851}.Debug|Any CPU.ActiveCfg = Debug|Any CPU
		{D8AF11CB-8D73-44A4-A882-243B12349851}.Debug|Any CPU.Build.0 = Debug|Any CPU
		{D8AF11CB-8D73-44A4-A882-243B12349851}.Release|Any CPU.ActiveCfg = Release|Any CPU
		{D8AF11CB-8D73-44A4-A882-243B12349851}.Release|Any CPU.Build.0 = Release|Any CPU
		{F091D945-9BF4-40B3-ACAB-42270D428735}.Debug|Any CPU.ActiveCfg = Debug|Any CPU
		{F091D945-9BF4-40B3-ACAB-42270D428735}.Debug|Any CPU.Build.0 = Debug|Any CPU
		{F091D945-9BF4-40B3-ACAB-42270D428735}.Release|Any CPU.ActiveCfg = Release|Any CPU
		{F091D945-9BF4-40B3-ACAB-42270D428735}.Release|Any CPU.Build.0 = Release|Any CPU
	EndGlobalSection
	GlobalSection(SolutionProperties) = preSolution
		HideSolutionNode = FALSE
	EndGlobalSection
	GlobalSection(ExtensibilityGlobals) = postSolution
		SolutionGuid = {4DA54809-62CD-4734-9FB6-1273BECE53C8}
	EndGlobalSection
EndGlobal
